
Microsoft Visual Studio Solution File, Format Version 12.00
# Visual Studio Version 16
VisualStudioVersion = 16.0.31205.134
MinimumVisualStudioVersion = 10.0.40219.1
Project("{FAE04EC0-301F-11D3-BF4B-00C04F79EFBC}") = "WinFormsAppSinuca", "WinFormsAppSinuca\WinFormsAppSinuca.csproj", "{B5A3CC84-63B3-4789-880D-40089325E9A5}"
EndProject
Global
	GlobalSection(SolutionConfigurationPlatforms) = preSolution
		Debug|Any CPU = Debug|Any CPU
		Release|Any CPU = Release|Any CPU
	EndGlobalSection
	GlobalSection(ProjectConfigurationPlatforms) = postSolution
		{B5A3CC84-63B3-4789-880D-40089325E9A5}.Debug|Any CPU.ActiveCfg = Debug|Any CPU
		{B5A3CC84-63B3-4789-880D-40089325E9A5}.Debug|Any CPU.Build.0 = Debug|Any CPU
		{B5A3CC84-63B3-4789-880D-40089325E9A5}.Release|Any CPU.ActiveCfg = Release|Any CPU
		{B5A3CC84-63B3-4789-880D-40089325E9A5}.Release|Any CPU.Build.0 = Release|Any CPU
	EndGlobalSection
	GlobalSection(SolutionProperties) = preSolution
		HideSolutionNode = FALSE
	EndGlobalSection
	GlobalSection(ExtensibilityGlobals) = postSolution
		SolutionGuid = {E709AA63-6BB6-4909-83E3-49865ADACF48}
	EndGlobalSection
EndGlobal
